<?xml version="1.0" encoding="utf-8"?>
<Project ToolsVersion="4.0" xmlns="http://schemas.microsoft.com/developer/msbuild/2003">
  <ItemGroup>
    <ClCompile Include="$(MSBuildThisFileDirectory)CobSpriteRenderer.cpp" />
    <ClCompile Include="$(MSBuildThisFileDirectory)CobTransform.cpp" />
    <ClCompile Include="$(MSBuildThisFileDirectory)CobEntity.cpp">
      <Filter>Common</Filter>
    </ClCompile>
    <ClCompile Include="$(MSBuildThisFileDirectory)CobComponent.cpp">
      <Filter>Component</Filter>
    </ClCompile>
    <ClCompile Include="$(MSBuildThisFileDirectory)CobObject.cpp">
      <Filter>Object</Filter>
    </ClCompile>
    <ClCompile Include="$(MSBuildThisFileDirectory)CobMath.cpp">
      <Filter>Helpers</Filter>
    </ClCompile>
    <ClCompile Include="$(MSBuildThisFileDirectory)CobScene.cpp">
      <Filter>Scene</Filter>
    </ClCompile>
    <ClCompile Include="$(MSBuildThisFileDirectory)CobSceneManager.cpp">
      <Filter>Scene</Filter>
    </ClCompile>
    <ClCompile Include="$(MSBuildThisFileDirectory)CobApplication.cpp">
      <Filter>HighLevelInterface</Filter>
    </ClCompile>
    <ClCompile Include="$(MSBuildThisFileDirectory)CobInput.cpp">
      <Filter>Helpers</Filter>
    </ClCompile>
    <ClCompile Include="$(MSBuildThisFileDirectory)CobTime.cpp">
      <Filter>Helpers</Filter>
    </ClCompile>
    <ClCompile Include="$(MSBuildThisFileDirectory)CobResource.cpp" />
    <ClCompile Include="$(MSBuildThisFileDirectory)CobLayer.cpp" />
    <ClCompile Include="$(MSBuildThisFileDirectory)CobTexture.cpp" />
  </ItemGroup>
  <ItemGroup>
    <ClInclude Include="$(MSBuildThisFileDirectory)CobSpriteRenderer.h" />
    <ClInclude Include="$(MSBuildThisFileDirectory)CobTransform.h" />
    <ClInclude Include="$(MSBuildThisFileDirectory)CommonInclude.h">
      <Filter>Common</Filter>
    </ClInclude>
    <ClInclude Include="$(MSBuildThisFileDirectory)CobEntity.h">
      <Filter>Common</Filter>
    </ClInclude>
    <ClInclude Include="$(MSBuildThisFileDirectory)CobComponent.h">
      <Filter>Component</Filter>
    </ClInclude>
    <ClInclude Include="$(MSBuildThisFileDirectory)CobObject.h">
      <Filter>Object</Filter>
    </ClInclude>
    <ClInclude Include="$(MSBuildThisFileDirectory)CobMath.h">
      <Filter>Helpers</Filter>
    </ClInclude>
    <ClInclude Include="$(MSBuildThisFileDirectory)CobScene.h">
      <Filter>Scene</Filter>
    </ClInclude>
    <ClInclude Include="$(MSBuildThisFileDirectory)CobSceneManager.h">
      <Filter>Scene</Filter>
    </ClInclude>
    <ClInclude Include="$(MSBuildThisFileDirectory)CobApplication.h">
      <Filter>HighLevelInterface</Filter>
    </ClInclude>
    <ClInclude Include="$(MSBuildThisFileDirectory)CobInput.h">
      <Filter>Helpers</Filter>
    </ClInclude>
    <ClInclude Include="$(MSBuildThisFileDirectory)CobTime.h">
      <Filter>Helpers</Filter>
    </ClInclude>
    <ClInclude Include="$(MSBuildThisFileDirectory)CobResource.h" />
    <ClInclude Include="$(MSBuildThisFileDirectory)CobEnums.h">
      <Filter>Helpers</Filter>
    </ClInclude>
    <ClInclude Include="$(MSBuildThisFileDirectory)CobLayer.h" />
    <ClInclude Include="$(MSBuildThisFileDirectory)CobTexture.h" />
  </ItemGroup>
  <ItemGroup>
    <Filter Include="Common">
      <UniqueIdentifier>{a9ddacf7-fe84-4170-9597-f31da939e69f}</UniqueIdentifier>
    </Filter>
    <Filter Include="Component">
      <UniqueIdentifier>{ed8a9707-4186-4b22-81ea-225bc4c568c2}</UniqueIdentifier>
    </Filter>
    <Filter Include="Object">
      <UniqueIdentifier>{6a640c61-4745-45ca-8b2d-4c9cde7b4383}</UniqueIdentifier>
    </Filter>
    <Filter Include="Helpers">
      <UniqueIdentifier>{163d7c60-5e12-4cac-b7e4-76050f543fa6}</UniqueIdentifier>
    </Filter>
    <Filter Include="Scene">
      <UniqueIdentifier>{52ecf16c-e6ff-466d-893e-933d66f64ce7}</UniqueIdentifier>
    </Filter>
    <Filter Include="HighLevelInterface">
      <UniqueIdentifier>{7c9e0c07-a77b-444e-8b7c-4c7f6a87a1e4}</UniqueIdentifier>
    </Filter>
  </ItemGroup>
</Project>